
Microsoft Visual Studio Solution File, Format Version 12.00
# Visual Studio Version 17
VisualStudioVersion = 17.12.35514.174
MinimumVisualStudioVersion = 10.0.40219.1
Project("{FAE04EC0-301F-11D3-BF4B-00C04F79EFBC}") = "DAL", "DAL\DAL.csproj", "{85AF85AB-6905-49EF-ABB0-2A47EC42CAE9}"
EndProject
Project("{FAE04EC0-301F-11D3-BF4B-00C04F79EFBC}") = "Entities", "Entities\Entities.csproj", "{9A28A25D-E92B-4737-9041-FED2073460A2}"
EndProject
Project("{FAE04EC0-301F-11D3-BF4B-00C04F79EFBC}") = "SLC", "SLC\SLC.csproj", "{4109F97A-355C-47B8-A97A-CB10026347D4}"
EndProject
Project("{FAE04EC0-301F-11D3-BF4B-00C04F79EFBC}") = "BILL", "BILL\BILL.csproj", "{FE05461D-6FEE-4BD1-9720-BFBD8C64B2A7}"
EndProject
Project("{FAE04EC0-301F-11D3-BF4B-00C04F79EFBC}") = "Service", "Service\Service.csproj", "{60177CE3-6403-4CCE-8E5C-0A79486C574A}"
EndProject
Project("{FAE04EC0-301F-11D3-BF4B-00C04F79EFBC}") = "NWindProxyService", "NWindProxyService\NWindProxyService.csproj", "{E0E67E0C-AACB-41CA-AE93-E2BC8A44ED17}"
EndProject
Global
	GlobalSection(SolutionConfigurationPlatforms) = preSolution
		Debug|Any CPU = Debug|Any CPU
		Release|Any CPU = Release|Any CPU
	EndGlobalSection
	GlobalSection(ProjectConfigurationPlatforms) = postSolution
		{85AF85AB-6905-49EF-ABB0-2A47EC42CAE9}.Debug|Any CPU.ActiveCfg = Debug|Any CPU
		{85AF85AB-6905-49EF-ABB0-2A47EC42CAE9}.Debug|Any CPU.Build.0 = Debug|Any CPU
		{85AF85AB-6905-49EF-ABB0-2A47EC42CAE9}.Release|Any CPU.ActiveCfg = Release|Any CPU
		{85AF85AB-6905-49EF-ABB0-2A47EC42CAE9}.Release|Any CPU.Build.0 = Release|Any CPU
		{9A28A25D-E92B-4737-9041-FED2073460A2}.Debug|Any CPU.ActiveCfg = Debug|Any CPU
		{9A28A25D-E92B-4737-9041-FED2073460A2}.Debug|Any CPU.Build.0 = Debug|Any CPU
		{9A28A25D-E92B-4737-9041-FED2073460A2}.Release|Any CPU.ActiveCfg = Release|Any CPU
		{9A28A25D-E92B-4737-9041-FED2073460A2}.Release|Any CPU.Build.0 = Release|Any CPU
		{4109F97A-355C-47B8-A97A-CB10026347D4}.Debug|Any CPU.ActiveCfg = Debug|Any CPU
		{4109F97A-355C-47B8-A97A-CB10026347D4}.Debug|Any CPU.Build.0 = Debug|Any CPU
		{4109F97A-355C-47B8-A97A-CB10026347D4}.Release|Any CPU.ActiveCfg = Release|Any CPU
		{4109F97A-355C-47B8-A97A-CB10026347D4}.Release|Any CPU.Build.0 = Release|Any CPU
		{FE05461D-6FEE-4BD1-9720-BFBD8C64B2A7}.Debug|Any CPU.ActiveCfg = Debug|Any CPU
		{FE05461D-6FEE-4BD1-9720-BFBD8C64B2A7}.Debug|Any CPU.Build.0 = Debug|Any CPU
		{FE05461D-6FEE-4BD1-9720-BFBD8C64B2A7}.Release|Any CPU.ActiveCfg = Release|Any CPU
		{FE05461D-6FEE-4BD1-9720-BFBD8C64B2A7}.Release|Any CPU.Build.0 = Release|Any CPU
		{60177CE3-6403-4CCE-8E5C-0A79486C574A}.Debug|Any CPU.ActiveCfg = Debug|Any CPU
		{60177CE3-6403-4CCE-8E5C-0A79486C574A}.Debug|Any CPU.Build.0 = Debug|Any CPU
		{60177CE3-6403-4CCE-8E5C-0A79486C574A}.Release|Any CPU.ActiveCfg = Release|Any CPU
		{60177CE3-6403-4CCE-8E5C-0A79486C574A}.Release|Any CPU.Build.0 = Release|Any CPU
		{E0E67E0C-AACB-41CA-AE93-E2BC8A44ED17}.Debug|Any CPU.ActiveCfg = Debug|Any CPU
		{E0E67E0C-AACB-41CA-AE93-E2BC8A44ED17}.Debug|Any CPU.Build.0 = Debug|Any CPU
		{E0E67E0C-AACB-41CA-AE93-E2BC8A44ED17}.Release|Any CPU.ActiveCfg = Release|Any CPU
		{E0E67E0C-AACB-41CA-AE93-E2BC8A44ED17}.Release|Any CPU.Build.0 = Release|Any CPU
	EndGlobalSection
	GlobalSection(SolutionProperties) = preSolution
		HideSolutionNode = FALSE
	EndGlobalSection
EndGlobal
