
Microsoft Visual Studio Solution File, Format Version 12.00
# Visual Studio Version 17
VisualStudioVersion = 17.12.35514.174
MinimumVisualStudioVersion = 10.0.40219.1
Project("{FAE04EC0-301F-11D3-BF4B-00C04F79EFBC}") = "DAL", "DAL\DAL.csproj", "{A9350D1E-C358-4DE1-A5DD-4C9575F24E37}"
EndProject
Project("{FAE04EC0-301F-11D3-BF4B-00C04F79EFBC}") = "Entities", "Entities\Entities.csproj", "{C0C97525-F602-4E5C-BA87-39CDC724F4E9}"
EndProject
Project("{FAE04EC0-301F-11D3-BF4B-00C04F79EFBC}") = "SoapTest2024", "SoapTest2024\SoapTest2024.csproj", "{1DFCF822-5BC0-4964-AF3E-3AEC07E5A848}"
EndProject
Project("{FAE04EC0-301F-11D3-BF4B-00C04F79EFBC}") = "ClientTest", "ClientTest\ClientTest.csproj", "{DE9C78DE-4505-47BF-BC08-4075B48327BD}"
	ProjectSection(ProjectDependencies) = postProject
		{1DFCF822-5BC0-4964-AF3E-3AEC07E5A848} = {1DFCF822-5BC0-4964-AF3E-3AEC07E5A848}
		{A2195044-19AA-41F0-8092-F64F62379F72} = {A2195044-19AA-41F0-8092-F64F62379F72}
	EndProjectSection
EndProject
Project("{FAE04EC0-301F-11D3-BF4B-00C04F79EFBC}") = "SoapTest2024Category", "SoapTest2024Category\SoapTest2024Category.csproj", "{A2195044-19AA-41F0-8092-F64F62379F72}"
EndProject
Project("{FAE04EC0-301F-11D3-BF4B-00C04F79EFBC}") = "BILL", "BILL\BILL.csproj", "{08E81AF7-4FA8-4B78-BF06-510ABAE6A360}"
EndProject
Project("{FAE04EC0-301F-11D3-BF4B-00C04F79EFBC}") = "SLC", "SLC\SLC.csproj", "{50389C36-2702-49B5-8192-FFB87E875440}"
EndProject
Project("{FAE04EC0-301F-11D3-BF4B-00C04F79EFBC}") = "Service", "Service\Service.csproj", "{D5946C49-5117-4B99-9100-E077DF2555AD}"
EndProject
Project("{FAE04EC0-301F-11D3-BF4B-00C04F79EFBC}") = "NWindProxyService", "NWindProxyService\NWindProxyService.csproj", "{3EF7C110-8DB3-4FBF-A64A-F4F11D3E17E5}"
EndProject
Project("{FAE04EC0-301F-11D3-BF4B-00C04F79EFBC}") = "NWind.MVCPLS", "NWind.MVCPLS\NWind.MVCPLS.csproj", "{53CBFE3E-34BB-450C-A11D-9BD1F32E40FE}"
EndProject
Global
	GlobalSection(SolutionConfigurationPlatforms) = preSolution
		Debug|Any CPU = Debug|Any CPU
		Release|Any CPU = Release|Any CPU
	EndGlobalSection
	GlobalSection(ProjectConfigurationPlatforms) = postSolution
		{A9350D1E-C358-4DE1-A5DD-4C9575F24E37}.Debug|Any CPU.ActiveCfg = Debug|Any CPU
		{A9350D1E-C358-4DE1-A5DD-4C9575F24E37}.Debug|Any CPU.Build.0 = Debug|Any CPU
		{A9350D1E-C358-4DE1-A5DD-4C9575F24E37}.Release|Any CPU.ActiveCfg = Release|Any CPU
		{A9350D1E-C358-4DE1-A5DD-4C9575F24E37}.Release|Any CPU.Build.0 = Release|Any CPU
		{C0C97525-F602-4E5C-BA87-39CDC724F4E9}.Debug|Any CPU.ActiveCfg = Debug|Any CPU
		{C0C97525-F602-4E5C-BA87-39CDC724F4E9}.Debug|Any CPU.Build.0 = Debug|Any CPU
		{C0C97525-F602-4E5C-BA87-39CDC724F4E9}.Release|Any CPU.ActiveCfg = Release|Any CPU
		{C0C97525-F602-4E5C-BA87-39CDC724F4E9}.Release|Any CPU.Build.0 = Release|Any CPU
		{1DFCF822-5BC0-4964-AF3E-3AEC07E5A848}.Debug|Any CPU.ActiveCfg = Debug|Any CPU
		{1DFCF822-5BC0-4964-AF3E-3AEC07E5A848}.Debug|Any CPU.Build.0 = Debug|Any CPU
		{1DFCF822-5BC0-4964-AF3E-3AEC07E5A848}.Release|Any CPU.ActiveCfg = Release|Any CPU
		{1DFCF822-5BC0-4964-AF3E-3AEC07E5A848}.Release|Any CPU.Build.0 = Release|Any CPU
		{DE9C78DE-4505-47BF-BC08-4075B48327BD}.Debug|Any CPU.ActiveCfg = Debug|Any CPU
		{DE9C78DE-4505-47BF-BC08-4075B48327BD}.Debug|Any CPU.Build.0 = Debug|Any CPU
		{DE9C78DE-4505-47BF-BC08-4075B48327BD}.Release|Any CPU.ActiveCfg = Release|Any CPU
		{DE9C78DE-4505-47BF-BC08-4075B48327BD}.Release|Any CPU.Build.0 = Release|Any CPU
		{A2195044-19AA-41F0-8092-F64F62379F72}.Debug|Any CPU.ActiveCfg = Debug|Any CPU
		{A2195044-19AA-41F0-8092-F64F62379F72}.Debug|Any CPU.Build.0 = Debug|Any CPU
		{A2195044-19AA-41F0-8092-F64F62379F72}.Release|Any CPU.ActiveCfg = Release|Any CPU
		{A2195044-19AA-41F0-8092-F64F62379F72}.Release|Any CPU.Build.0 = Release|Any CPU
		{08E81AF7-4FA8-4B78-BF06-510ABAE6A360}.Debug|Any CPU.ActiveCfg = Debug|Any CPU
		{08E81AF7-4FA8-4B78-BF06-510ABAE6A360}.Debug|Any CPU.Build.0 = Debug|Any CPU
		{08E81AF7-4FA8-4B78-BF06-510ABAE6A360}.Release|Any CPU.ActiveCfg = Release|Any CPU
		{08E81AF7-4FA8-4B78-BF06-510ABAE6A360}.Release|Any CPU.Build.0 = Release|Any CPU
		{50389C36-2702-49B5-8192-FFB87E875440}.Debug|Any CPU.ActiveCfg = Debug|Any CPU
		{50389C36-2702-49B5-8192-FFB87E875440}.Debug|Any CPU.Build.0 = Debug|Any CPU
		{50389C36-2702-49B5-8192-FFB87E875440}.Release|Any CPU.ActiveCfg = Release|Any CPU
		{50389C36-2702-49B5-8192-FFB87E875440}.Release|Any CPU.Build.0 = Release|Any CPU
		{D5946C49-5117-4B99-9100-E077DF2555AD}.Debug|Any CPU.ActiveCfg = Debug|Any CPU
		{D5946C49-5117-4B99-9100-E077DF2555AD}.Debug|Any CPU.Build.0 = Debug|Any CPU
		{D5946C49-5117-4B99-9100-E077DF2555AD}.Release|Any CPU.ActiveCfg = Release|Any CPU
		{D5946C49-5117-4B99-9100-E077DF2555AD}.Release|Any CPU.Build.0 = Release|Any CPU
		{3EF7C110-8DB3-4FBF-A64A-F4F11D3E17E5}.Debug|Any CPU.ActiveCfg = Debug|Any CPU
		{3EF7C110-8DB3-4FBF-A64A-F4F11D3E17E5}.Debug|Any CPU.Build.0 = Debug|Any CPU
		{3EF7C110-8DB3-4FBF-A64A-F4F11D3E17E5}.Release|Any CPU.ActiveCfg = Release|Any CPU
		{3EF7C110-8DB3-4FBF-A64A-F4F11D3E17E5}.Release|Any CPU.Build.0 = Release|Any CPU
		{53CBFE3E-34BB-450C-A11D-9BD1F32E40FE}.Debug|Any CPU.ActiveCfg = Debug|Any CPU
		{53CBFE3E-34BB-450C-A11D-9BD1F32E40FE}.Debug|Any CPU.Build.0 = Debug|Any CPU
		{53CBFE3E-34BB-450C-A11D-9BD1F32E40FE}.Release|Any CPU.ActiveCfg = Release|Any CPU
		{53CBFE3E-34BB-450C-A11D-9BD1F32E40FE}.Release|Any CPU.Build.0 = Release|Any CPU
	EndGlobalSection
	GlobalSection(SolutionProperties) = preSolution
		HideSolutionNode = FALSE
	EndGlobalSection
EndGlobal
